
Microsoft Visual Studio Solution File, Format Version 12.00
# Visual Studio Version 17
VisualStudioVersion = 17.5.33627.172
MinimumVisualStudioVersion = 10.0.40219.1
Project("{FAE04EC0-301F-11D3-BF4B-00C04F79EFBC}") = "StaffManagement", "StaffManagement.csproj", "{13FF4953-3E57-4B76-9733-4769417A6C7F}"
EndProject
Global
	GlobalSection(SolutionConfigurationPlatforms) = preSolution
		Debug|Any CPU = Debug|Any CPU
		Release|Any CPU = Release|Any CPU
	EndGlobalSection
	GlobalSection(ProjectConfigurationPlatforms) = postSolution
		{13FF4953-3E57-4B76-9733-4769417A6C7F}.Debug|Any CPU.ActiveCfg = Debug|Any CPU
		{13FF4953-3E57-4B76-9733-4769417A6C7F}.Debug|Any CPU.Build.0 = Debug|Any CPU
		{13FF4953-3E57-4B76-9733-4769417A6C7F}.Release|Any CPU.ActiveCfg = Release|Any CPU
		{13FF4953-3E57-4B76-9733-4769417A6C7F}.Release|Any CPU.Build.0 = Release|Any CPU
	EndGlobalSection
	GlobalSection(SolutionProperties) = preSolution
		HideSolutionNode = FALSE
	EndGlobalSection
	GlobalSection(ExtensibilityGlobals) = postSolution
		SolutionGuid = {E63FB61A-091B-4D46-944B-FD163D30B025}
	EndGlobalSection
EndGlobal
